{
  "name": "generators-example",
  "version": "1.0.0",
  "lockfileVersion": 3,
  "requires": true,
  "packages": {
    "": {
      "name": "generators-example",
      "version": "1.0.0",
      "license": "MIT",
      "dependencies": {
        "generators-lib": "file:../generators-lib"
      }
    },
    "../generators-lib": {
      "version": "0.1.0",
      "license": "MIT",
      "engines": {
        "node": ">=14.0.0"
      }
    },
    "node_modules/generators-lib": {
      "resolved": "../generators-lib",
      "link": true
    }
  }
}
